// !$*UTF8*$!
{
	archiveVersion = 1;
	classes = {
	};
	objectVersion = 46;
	objects = {

/* Begin PBXBuildFile section */
		75AE2BCC1D5119980037AA07 /* AppDelegate.swift in Sources */ = {isa = PBXBuildFile; fileRef = 75AE2BCB1D5119980037AA07 /* AppDelegate.swift */; };
		75AE2BCE1D5119980037AA07 /* ViewController.swift in Sources */ = {isa = PBXBuildFile; fileRef = 75AE2BCD1D5119980037AA07 /* ViewController.swift */; };
		75AE2BD11D5119980037AA07 /* Main.storyboard in Resources */ = {isa = PBXBuildFile; fileRef = 75AE2BCF1D5119980037AA07 /* Main.storyboard */; };
		75AE2BD31D5119980037AA07 /* Assets.xcassets in Resources */ = {isa = PBXBuildFile; fileRef = 75AE2BD21D5119980037AA07 /* Assets.xcassets */; };
		75AE2BD61D5119980037AA07 /* LaunchScreen.storyboard in Resources */ = {isa = PBXBuildFile; fileRef = 75AE2BD41D5119980037AA07 /* LaunchScreen.storyboard */; };
		75AE2BE11D5119980037AA07 /* pgpTests.swift in Sources */ = {isa = PBXBuildFile; fileRef = 75AE2BE01D5119980037AA07 /* pgpTests.swift */; };
		75AE2BEC1D5119980037AA07 /* pgpUITests.swift in Sources */ = {isa = PBXBuildFile; fileRef = 75AE2BEB1D5119980037AA07 /* pgpUITests.swift */; };
/* End PBXBuildFile section */

/* Begin PBXContainerItemProxy section */
		75AE2BDD1D5119980037AA07 /* PBXContainerItemProxy */ = {
			isa = PBXContainerItemProxy;
			containerPortal = 75AE2BC01D5119980037AA07 /* Project object */;
			proxyType = 1;
			remoteGlobalIDString = 75AE2BC71D5119980037AA07;
			remoteInfo = pgp;
		};
		75AE2BE81D5119980037AA07 /* PBXContainerItemProxy */ = {
			isa = PBXContainerItemProxy;
			containerPortal = 75AE2BC01D5119980037AA07 /* Project object */;
			proxyType = 1;
			remoteGlobalIDString = 75AE2BC71D5119980037AA07;
			remoteInfo = pgp;
		};
/* End PBXContainerItemProxy section */

/* Begin PBXFileReference section */
		75AE2BC81D5119980037AA07 /* pgp.app */ = {isa = PBXFileReference; explicitFileType = wrapper.application; includeInIndex = 0; path = pgp.app; sourceTree = BUILT_PRODUCTS_DIR; };
		75AE2BCB1D5119980037AA07 /* AppDelegate.swift */ = {isa = PBXFileReference; lastKnownFileType = sourcecode.swift; path = AppDelegate.swift; sourceTree = "<group>"; };
		75AE2BCD1D5119980037AA07 /* ViewController.swift */ = {isa = PBXFileReference; lastKnownFileType = sourcecode.swift; path = ViewController.swift; sourceTree = "<group>"; };
		75AE2BD01D5119980037AA07 /* Base */ = {isa = PBXFileReference; lastKnownFileType = file.storyboard; name = Base; path = Base.lproj/Main.storyboard; sourceTree = "<group>"; };
		75AE2BD21D5119980037AA07 /* Assets.xcassets */ = {isa = PBXFileReference; lastKnownFileType = folder.assetcatalog; path = Assets.xcassets; sourceTree = "<group>"; };
		75AE2BD51D5119980037AA07 /* Base */ = {isa = PBXFileReference; lastKnownFileType = file.storyboard; name = Base; path = Base.lproj/LaunchScreen.storyboard; sourceTree = "<group>"; };
		75AE2BD71D5119980037AA07 /* Info.plist */ = {isa = PBXFileReference; lastKnownFileType = text.plist.xml; path = Info.plist; sourceTree = "<group>"; };
		75AE2BDC1D5119980037AA07 /* pgpTests.xctest */ = {isa = PBXFileReference; explicitFileType = wrapper.cfbundle; includeInIndex = 0; path = pgpTests.xctest; sourceTree = BUILT_PRODUCTS_DIR; };
		75AE2BE01D5119980037AA07 /* pgpTests.swift */ = {isa = PBXFileReference; lastKnownFileType = sourcecode.swift; path = pgpTests.swift; sourceTree = "<group>"; };
		75AE2BE21D5119980037AA07 /* Info.plist */ = {isa = PBXFileReference; lastKnownFileType = text.plist.xml; path = Info.plist; sourceTree = "<group>"; };
		75AE2BE71D5119980037AA07 /* pgpUITests.xctest */ = {isa = PBXFileReference; explicitFileType = wrapper.cfbundle; includeInIndex = 0; path = pgpUITests.xctest; sourceTree = BUILT_PRODUCTS_DIR; };
		75AE2BEB1D5119980037AA07 /* pgpUITests.swift */ = {isa = PBXFileReference; lastKnownFileType = sourcecode.swift; path = pgpUITests.swift; sourceTree = "<group>"; };
		75AE2BED1D5119980037AA07 /* Info.plist */ = {isa = PBXFileReference; lastKnownFileType = text.plist.xml; path = Info.plist; sourceTree = "<group>"; };
/* End PBXFileReference section */

/* Begin PBXFrameworksBuildPhase section */
		75AE2BC51D5119980037AA07 /* Frameworks */ = {
			isa = PBXFrameworksBuildPhase;
			buildActionMask = 2147483647;
			files = (
			);
			runOnlyForDeploymentPostprocessing = 0;
		};
		75AE2BD91D5119980037AA07 /* Frameworks */ = {
			isa = PBXFrameworksBuildPhase;
			buildActionMask = 2147483647;
			files = (
			);
			runOnlyForDeploymentPostprocessing = 0;
		};
		75AE2BE41D5119980037AA07 /* Frameworks */ = {
			isa = PBXFrameworksBuildPhase;
			buildActionMask = 2147483647;
			files = (
			);
			runOnlyForDeploymentPostprocessing = 0;
		};
/* End PBXFrameworksBuildPhase section */

/* Begin PBXGroup section */
		75AE2BBF1D5119980037AA07 = {
			isa = PBXGroup;
			children = (
				75AE2BCA1D5119980037AA07 /* pgp */,
				75AE2BDF1D5119980037AA07 /* pgpTests */,
				75AE2BEA1D5119980037AA07 /* pgpUITests */,
				75AE2BC91D5119980037AA07 /* Products */,
			);
			sourceTree = "<group>";
		};
		75AE2BC91D5119980037AA07 /* Products */ = {
			isa = PBXGroup;
			children = (
				75AE2BC81D5119980037AA07 /* pgp.app */,
				75AE2BDC1D5119980037AA07 /* pgpTests.xctest */,
				75AE2BE71D5119980037AA07 /* pgpUITests.xctest */,
			);
			name = Products;
			sourceTree = "<group>";
		};
		75AE2BCA1D5119980037AA07 /* pgp */ = {
			isa = PBXGroup;
			children = (
				75AE2BCB1D5119980037AA07 /* AppDelegate.swift */,
				75AE2BCD1D5119980037AA07 /* ViewController.swift */,
				75AE2BCF1D5119980037AA07 /* Main.storyboard */,
				75AE2BD21D5119980037AA07 /* Assets.xcassets */,
				75AE2BD41D5119980037AA07 /* LaunchScreen.storyboard */,
				75AE2BD71D5119980037AA07 /* Info.plist */,
			);
			path = pgp;
			sourceTree = "<group>";
		};
		75AE2BDF1D5119980037AA07 /* pgpTests */ = {
			isa = PBXGroup;
			children = (
				75AE2BE01D5119980037AA07 /* pgpTests.swift */,
				75AE2BE21D5119980037AA07 /* Info.plist */,
			);
			path = pgpTests;
			sourceTree = "<group>";
		};
		75AE2BEA1D5119980037AA07 /* pgpUITests */ = {
			isa = PBXGroup;
			children = (
				75AE2BEB1D5119980037AA07 /* pgpUITests.swift */,
				75AE2BED1D5119980037AA07 /* Info.plist */,
			);
			path = pgpUITests;
			sourceTree = "<group>";
		};
/* End PBXGroup section */

/* Begin PBXNativeTarget section */
		75AE2BC71D5119980037AA07 /* pgp */ = {
			isa = PBXNativeTarget;
			buildConfigurationList = 75AE2BF01D5119990037AA07 /* Build configuration list for PBXNativeTarget "pgp" */;
			buildPhases = (
				75AE2BC41D5119980037AA07 /* Sources */,
				75AE2BC51D5119980037AA07 /* Frameworks */,
				75AE2BC61D5119980037AA07 /* Resources */,
			);
			buildRules = (
			);
			dependencies = (
			);
			name = pgp;
			productName = pgp;
			productReference = 75AE2BC81D5119980037AA07 /* pgp.app */;
			productType = "com.apple.product-type.application";
		};
		75AE2BDB1D5119980037AA07 /* pgpTests */ = {
			isa = PBXNativeTarget;
			buildConfigurationList = 75AE2BF31D5119990037AA07 /* Build configuration list for PBXNativeTarget "pgpTests" */;
			buildPhases = (
				75AE2BD81D5119980037AA07 /* Sources */,
				75AE2BD91D5119980037AA07 /* Frameworks */,
				75AE2BDA1D5119980037AA07 /* Resources */,
			);
			buildRules = (
			);
			dependencies = (
				75AE2BDE1D5119980037AA07 /* PBXTargetDependency */,
			);
			name = pgpTests;
			productName = pgpTests;
			productReference = 75AE2BDC1D5119980037AA07 /* pgpTests.xctest */;
			productType = "com.apple.product-type.bundle.unit-test";
		};
		75AE2BE61D5119980037AA07 /* pgpUITests */ = {
			isa = PBXNativeTarget;
			buildConfigurationList = 75AE2BF61D5119990037AA07 /* Build configuration list for PBXNativeTarget "pgpUITests" */;
			buildPhases = (
				75AE2BE31D5119980037AA07 /* Sources */,
				75AE2BE41D5119980037AA07 /* Frameworks */,
				75AE2BE51D5119980037AA07 /* Resources */,
			);
			buildRules = (
			);
			dependencies = (
				75AE2BE91D5119980037AA07 /* PBXTargetDependency */,
			);
			name = pgpUITests;
			productName = pgpUITests;
			productReference = 75AE2BE71D5119980037AA07 /* pgpUITests.xctest */;
			productType = "com.apple.product-type.bundle.ui-testing";
		};
/* End PBXNativeTarget section */

/* Begin PBXProject section */
		75AE2BC01D5119980037AA07 /* Project object */ = {
			isa = PBXProject;
			attributes = {
				LastSwiftUpdateCheck = 0730;
				LastUpgradeCheck = 0730;
				ORGANIZATIONNAME = "Fortify Communications Inc.";
				TargetAttributes = {
					75AE2BC71D5119980037AA07 = {
						CreatedOnToolsVersion = 7.3.1;
					};
					75AE2BDB1D5119980037AA07 = {
						CreatedOnToolsVersion = 7.3.1;
						TestTargetID = 75AE2BC71D5119980037AA07;
					};
					75AE2BE61D5119980037AA07 = {
						CreatedOnToolsVersion = 7.3.1;
						TestTargetID = 75AE2BC71D5119980037AA07;
					};
				};
			};
			buildConfigurationList = 75AE2BC31D5119980037AA07 /* Build configuration list for PBXProject "pgp" */;
			compatibilityVersion = "Xcode 3.2";
			developmentRegion = English;
			hasScannedForEncodings = 0;
			knownRegions = (
				en,
				Base,
			);
			mainGroup = 75AE2BBF1D5119980037AA07;
			productRefGroup = 75AE2BC91D5119980037AA07 /* Products */;
			projectDirPath = "";
			projectRoot = "";
			targets = (
				75AE2BC71D5119980037AA07 /* pgp */,
				75AE2BDB1D5119980037AA07 /* pgpTests */,
				75AE2BE61D5119980037AA07 /* pgpUITests */,
			);
		};
/* End PBXProject section */

/* Begin PBXResourcesBuildPhase section */
		75AE2BC61D5119980037AA07 /* Resources */ = {
			isa = PBXResourcesBuildPhase;
			buildActionMask = 2147483647;
			files = (
				75AE2BD61D5119980037AA07 /* LaunchScreen.storyboard in Resources */,
				75AE2BD31D5119980037AA07 /* Assets.xcassets in Resources */,
				75AE2BD11D5119980037AA07 /* Main.storyboard in Resources */,
			);
			runOnlyForDeploymentPostprocessing = 0;
		};
		75AE2BDA1D5119980037AA07 /* Resources */ = {
			isa = PBXResourcesBuildPhase;
			buildActionMask = 2147483647;
			files = (
			);
			runOnlyForDeploymentPostprocessing = 0;
		};
		75AE2BE51D5119980037AA07 /* Resources */ = {
			isa = PBXResourcesBuildPhase;
			buildActionMask = 2147483647;
			files = (
			);
			runOnlyForDeploymentPostprocessing = 0;
		};
/* End PBXResourcesBuildPhase section */

/* Begin PBXSourcesBuildPhase section */
		75AE2BC41D5119980037AA07 /* Sources */ = {
			isa = PBXSourcesBuildPhase;
			buildActionMask = 2147483647;
			files = (
				75AE2BCE1D5119980037AA07 /* ViewController.swift in Sources */,
				75AE2BCC1D5119980037AA07 /* AppDelegate.swift in Sources */,
			);
			runOnlyForDeploymentPostprocessing = 0;
		};
		75AE2BD81D5119980037AA07 /* Sources */ = {
			isa = PBXSourcesBuildPhase;
			buildActionMask = 2147483647;
			files = (
				75AE2BE11D5119980037AA07 /* pgpTests.swift in Sources */,
			);
			runOnlyForDeploymentPostprocessing = 0;
		};
		75AE2BE31D5119980037AA07 /* Sources */ = {
			isa = PBXSourcesBuildPhase;
			buildActionMask = 2147483647;
			files = (
				75AE2BEC1D5119980037AA07 /* pgpUITests.swift in Sources */,
			);
			runOnlyForDeploymentPostprocessing = 0;
		};
/* End PBXSourcesBuildPhase section */

/* Begin PBXTargetDependency section */
		75AE2BDE1D5119980037AA07 /* PBXTargetDependency */ = {
			isa = PBXTargetDependency;
			target = 75AE2BC71D5119980037AA07 /* pgp */;
			targetProxy = 75AE2BDD1D5119980037AA07 /* PBXContainerItemProxy */;
		};
		75AE2BE91D5119980037AA07 /* PBXTargetDependency */ = {
			isa = PBXTargetDependency;
			target = 75AE2BC71D5119980037AA07 /* pgp */;
			targetProxy = 75AE2BE81D5119980037AA07 /* PBXContainerItemProxy */;
		};
/* End PBXTargetDependency section */

/* Begin PBXVariantGroup section */
		75AE2BCF1D5119980037AA07 /* Main.storyboard */ = {
			isa = PBXVariantGroup;
			children = (
				75AE2BD01D5119980037AA07 /* Base */,
			);
			name = Main.storyboard;
			sourceTree = "<group>";
		};
		75AE2BD41D5119980037AA07 /* LaunchScreen.storyboard */ = {
			isa = PBXVariantGroup;
			children = (
				75AE2BD51D5119980037AA07 /* Base */,
			);
			name = LaunchScreen.storyboard;
			sourceTree = "<group>";
		};
/* End PBXVariantGroup section */

/* Begin XCBuildConfiguration section */
		75AE2BEE1D5119990037AA07 /* Debug */ = {
			isa = XCBuildConfiguration;
			buildSettings = {
				ALWAYS_SEARCH_USER_PATHS = NO;
				CLANG_ANALYZER_NONNULL = YES;
				CLANG_CXX_LANGUAGE_STANDARD = "gnu++0x";
				CLANG_CXX_LIBRARY = "libc++";
				CLANG_ENABLE_MODULES = YES;
				CLANG_ENABLE_OBJC_ARC = YES;
				CLANG_WARN_BOOL_CONVERSION = YES;
				CLANG_WARN_CONSTANT_CONVERSION = YES;
				CLANG_WARN_DIRECT_OBJC_ISA_USAGE = YES_ERROR;
				CLANG_WARN_EMPTY_BODY = YES;
				CLANG_WARN_ENUM_CONVERSION = YES;
				CLANG_WARN_INT_CONVERSION = YES;
				CLANG_WARN_OBJC_ROOT_CLASS = YES_ERROR;
				CLANG_WARN_UNREACHABLE_CODE = YES;
				CLANG_WARN__DUPLICATE_METHOD_MATCH = YES;
				"CODE_SIGN_IDENTITY[sdk=iphoneos*]" = "iPhone Developer";
				COPY_PHASE_STRIP = NO;
				DEBUG_INFORMATION_FORMAT = dwarf;
				ENABLE_STRICT_OBJC_MSGSEND = YES;
				ENABLE_TESTABILITY = YES;
				GCC_C_LANGUAGE_STANDARD = gnu99;
				GCC_DYNAMIC_NO_PIC = NO;
				GCC_NO_COMMON_BLOCKS = YES;
				GCC_OPTIMIZATION_LEVEL = 0;
				GCC_PREPROCESSOR_DEFINITIONS = (
					"DEBUG=1",
					"$(inherited)",
				);
				GCC_WARN_64_TO_32_BIT_CONVERSION = YES;
				GCC_WARN_ABOUT_RETURN_TYPE = YES_ERROR;
				GCC_WARN_UNDECLARED_SELECTOR = YES;
				GCC_WARN_UNINITIALIZED_AUTOS = YES_AGGRESSIVE;
				GCC_WARN_UNUSED_FUNCTION = YES;
				GCC_WARN_UNUSED_VARIABLE = YES;
				IPHONEOS_DEPLOYMENT_TARGET = 9.3;
				MTL_ENABLE_DEBUG_INFO = YES;
				ONLY_ACTIVE_ARCH = YES;
				SDKROOT = iphoneos;
				SWIFT_OPTIMIZATION_LEVEL = "-Onone";
				TARGETED_DEVICE_FAMILY = "1,2";
			};
			name = Debug;
		};
		75AE2BEF1D5119990037AA07 /* Release */ = {
			isa = XCBuildConfiguration;
			buildSettings = {
				ALWAYS_SEARCH_USER_PATHS = NO;
				CLANG_ANALYZER_NONNULL = YES;
				CLANG_CXX_LANGUAGE_STANDARD = "gnu++0x";
				CLANG_CXX_LIBRARY = "libc++";
				CLANG_ENABLE_MODULES = YES;
				CLANG_ENABLE_OBJC_ARC = YES;
				CLANG_WARN_BOOL_CONVERSION = YES;
				CLANG_WARN_CONSTANT_CONVERSION = YES;
				CLANG_WARN_DIRECT_OBJC_ISA_USAGE = YES_ERROR;
				CLANG_WARN_EMPTY_BODY = YES;
				CLANG_WARN_ENUM_CONVERSION = YES;
				CLANG_WARN_INT_CONVERSION = YES;
				CLANG_WARN_OBJC_ROOT_CLASS = YES_ERROR;
				CLANG_WARN_UNREACHABLE_CODE = YES;
				CLANG_WARN__DUPLICATE_METHOD_MATCH = YES;
				"CODE_SIGN_IDENTITY[sdk=iphoneos*]" = "iPhone Developer";
				COPY_PHASE_STRIP = NO;
				DEBUG_INFORMATION_FORMAT = "dwarf-with-dsym";
				ENABLE_NS_ASSERTIONS = NO;
				ENABLE_STRICT_OBJC_MSGSEND = YES;
				GCC_C_LANGUAGE_STANDARD = gnu99;
				GCC_NO_COMMON_BLOCKS = YES;
				GCC_WARN_64_TO_32_BIT_CONVERSION = YES;
				GCC_WARN_ABOUT_RETURN_TYPE = YES_ERROR;
				GCC_WARN_UNDECLARED_SELECTOR = YES;
				GCC_WARN_UNINITIALIZED_AUTOS = YES_AGGRESSIVE;
				GCC_WARN_UNUSED_FUNCTION = YES;
				GCC_WARN_UNUSED_VARIABLE = YES;
				IPHONEOS_DEPLOYMENT_TARGET = 9.3;
				MTL_ENABLE_DEBUG_INFO = NO;
				SDKROOT = iphoneos;
				TARGETED_DEVICE_FAMILY = "1,2";
				VALIDATE_PRODUCT = YES;
			};
			name = Release;
		};
		75AE2BF11D5119990037AA07 /* Debug */ = {
			isa = XCBuildConfiguration;
			buildSettings = {
				ASSETCATALOG_COMPILER_APPICON_NAME = AppIcon;
				INFOPLIST_FILE = pgp/Info.plist;
				LD_RUNPATH_SEARCH_PATHS = "$(inherited) @executable_path/Frameworks";
				PRODUCT_BUNDLE_IDENTIFIER = com.fortify.pgp;
				PRODUCT_NAME = "$(TARGET_NAME)";
			};
			name = Debug;
		};
		75AE2BF21D5119990037AA07 /* Release */ = {
			isa = XCBuildConfiguration;
			buildSettings = {
				ASSETCATALOG_COMPILER_APPICON_NAME = AppIcon;
				INFOPLIST_FILE = pgp/Info.plist;
				LD_RUNPATH_SEARCH_PATHS = "$(inherited) @executable_path/Frameworks";
				PRODUCT_BUNDLE_IDENTIFIER = com.fortify.pgp;
				PRODUCT_NAME = "$(TARGET_NAME)";
			};
			name = Release;
		};
		75AE2BF41D5119990037AA07 /* Debug */ = {
			isa = XCBuildConfiguration;
			buildSettings = {
				BUNDLE_LOADER = "$(TEST_HOST)";
				INFOPLIST_FILE = pgpTests/Info.plist;
				LD_RUNPATH_SEARCH_PATHS = "$(inherited) @executable_path/Frameworks @loader_path/Frameworks";
				PRODUCT_BUNDLE_IDENTIFIER = com.fortify.pgpTests;
				PRODUCT_NAME = "$(TARGET_NAME)";
				TEST_HOST = "$(BUILT_PRODUCTS_DIR)/pgp.app/pgp";
			};
			name = Debug;
		};
		75AE2BF51D5119990037AA07 /* Release */ = {
			isa = XCBuildConfiguration;
			buildSettings = {
				BUNDLE_LOADER = "$(TEST_HOST)";
				INFOPLIST_FILE = pgpTests/Info.plist;
				LD_RUNPATH_SEARCH_PATHS = "$(inherited) @executable_path/Frameworks @loader_path/Frameworks";
				PRODUCT_BUNDLE_IDENTIFIER = com.fortify.pgpTests;
				PRODUCT_NAME = "$(TARGET_NAME)";
				TEST_HOST = "$(BUILT_PRODUCTS_DIR)/pgp.app/pgp";
			};
			name = Release;
		};
		75AE2BF71D5119990037AA07 /* Debug */ = {
			isa = XCBuildConfiguration;
			buildSettings = {
				INFOPLIST_FILE = pgpUITests/Info.plist;
				LD_RUNPATH_SEARCH_PATHS = "$(inherited) @executable_path/Frameworks @loader_path/Frameworks";
				PRODUCT_BUNDLE_IDENTIFIER = com.fortify.pgpUITests;
				PRODUCT_NAME = "$(TARGET_NAME)";
				TEST_TARGET_NAME = pgp;
			};
			name = Debug;
		};
		75AE2BF81D5119990037AA07 /* Release */ = {
			isa = XCBuildConfiguration;
			buildSettings = {
				INFOPLIST_FILE = pgpUITests/Info.plist;
				LD_RUNPATH_SEARCH_PATHS = "$(inherited) @executable_path/Frameworks @loader_path/Frameworks";
				PRODUCT_BUNDLE_IDENTIFIER = com.fortify.pgpUITests;
				PRODUCT_NAME = "$(TARGET_NAME)";
				TEST_TARGET_NAME = pgp;
			};
			name = Release;
		};
/* End XCBuildConfiguration section */

/* Begin XCConfigurationList section */
		75AE2BC31D5119980037AA07 /* Build configuration list for PBXProject "pgp" */ = {
			isa = XCConfigurationList;
			buildConfigurations = (
				75AE2BEE1D5119990037AA07 /* Debug */,
				75AE2BEF1D5119990037AA07 /* Release */,
			);
			defaultConfigurationIsVisible = 0;
			defaultConfigurationName = Release;
		};
		75AE2BF01D5119990037AA07 /* Build configuration list for PBXNativeTarget "pgp" */ = {
			isa = XCConfigurationList;
			buildConfigurations = (
				75AE2BF11D5119990037AA07 /* Debug */,
				75AE2BF21D5119990037AA07 /* Release */,
			);
			defaultConfigurationIsVisible = 0;
		};
		75AE2BF31D5119990037AA07 /* Build configuration list for PBXNativeTarget "pgpTests" */ = {
			isa = XCConfigurationList;
			buildConfigurations = (
				75AE2BF41D5119990037AA07 /* Debug */,
				75AE2BF51D5119990037AA07 /* Release */,
			);
			defaultConfigurationIsVisible = 0;
		};
		75AE2BF61D5119990037AA07 /* Build configuration list for PBXNativeTarget "pgpUITests" */ = {
			isa = XCConfigurationList;
			buildConfigurations = (
				75AE2BF71D5119990037AA07 /* Debug */,
				75AE2BF81D5119990037AA07 /* Release */,
			);
			defaultConfigurationIsVisible = 0;
		};
/* End XCConfigurationList section */
	};
	rootObject = 75AE2BC01D5119980037AA07 /* Project object */;
}
